
Microsoft Visual Studio Solution File, Format Version 12.00
# Visual Studio Version 17
VisualStudioVersion = 17.1.32414.318
MinimumVisualStudioVersion = 10.0.40219.1
Project("{FAE04EC0-301F-11D3-BF4B-00C04F79EFBC}") = "Calculator", "Calculator\Calculator.csproj", "{B0365243-6ED3-45E1-A45F-403249C61E70}"
EndProject
Global
	GlobalSection(SolutionConfigurationPlatforms) = preSolution
		Debug|Any CPU = Debug|Any CPU
		Release|Any CPU = Release|Any CPU
	EndGlobalSection
	GlobalSection(ProjectConfigurationPlatforms) = postSolution
		{B0365243-6ED3-45E1-A45F-403249C61E70}.Debug|Any CPU.ActiveCfg = Debug|Any CPU
		{B0365243-6ED3-45E1-A45F-403249C61E70}.Debug|Any CPU.Build.0 = Debug|Any CPU
		{B0365243-6ED3-45E1-A45F-403249C61E70}.Release|Any CPU.ActiveCfg = Release|Any CPU
		{B0365243-6ED3-45E1-A45F-403249C61E70}.Release|Any CPU.Build.0 = Release|Any CPU
	EndGlobalSection
	GlobalSection(SolutionProperties) = preSolution
		HideSolutionNode = FALSE
	EndGlobalSection
	GlobalSection(ExtensibilityGlobals) = postSolution
		SolutionGuid = {DF52CE32-2705-42ED-85B0-EB503C3F0587}
	EndGlobalSection
EndGlobal
